
Microsoft Visual Studio Solution File, Format Version 12.00
# Visual Studio 2013
VisualStudioVersion = 12.0.31101.0
MinimumVisualStudioVersion = 10.0.40219.1
Project("{FAE04EC0-301F-11D3-BF4B-00C04F79EFBC}") = "Library.Net", "src\Library.Net\Library.Net.csproj", "{06767B1B-B853-4E1C-A9D7-F13B77345F30}"
EndProject
Project("{2150E333-8FDC-42A3-9474-1A3956D46DE8}") = ".nuget", ".nuget", "{3A5499F2-D3DF-48B4-B4C6-864D1E80FAD6}"
	ProjectSection(SolutionItems) = preProject
		.nuget\NuGet.Config = .nuget\NuGet.Config
		.nuget\NuGet.exe = .nuget\NuGet.exe
		.nuget\NuGet.targets = .nuget\NuGet.targets
		.nuget\packages.config = .nuget\packages.config
	EndProjectSection
EndProject
Project("{2150E333-8FDC-42A3-9474-1A3956D46DE8}") = "~", "~", "{2E786ACC-685E-410C-91D4-8A9CF6708BC2}"
	ProjectSection(SolutionItems) = preProject
		.gitignore = .gitignore
		.travis.yml = .travis.yml
		appveyor.yml = appveyor.yml
		Gemfile = Gemfile
		Rakefile = Rakefile
		README.md = README.md
	EndProjectSection
EndProject
Global
	GlobalSection(SolutionConfigurationPlatforms) = preSolution
		Debug|Any CPU = Debug|Any CPU
		Release|Any CPU = Release|Any CPU
	EndGlobalSection
	GlobalSection(ProjectConfigurationPlatforms) = postSolution
		{06767B1B-B853-4E1C-A9D7-F13B77345F30}.Debug|Any CPU.ActiveCfg = Debug|Any CPU
		{06767B1B-B853-4E1C-A9D7-F13B77345F30}.Debug|Any CPU.Build.0 = Debug|Any CPU
		{06767B1B-B853-4E1C-A9D7-F13B77345F30}.Release|Any CPU.ActiveCfg = Release|Any CPU
		{06767B1B-B853-4E1C-A9D7-F13B77345F30}.Release|Any CPU.Build.0 = Release|Any CPU
	EndGlobalSection
	GlobalSection(SolutionProperties) = preSolution
		HideSolutionNode = FALSE
	EndGlobalSection
EndGlobal
